// !$*UTF8*$!
{
	archiveVersion = 1;
	classes = {
	};
	objectVersion = 46;
	objects = {

/* Begin PBXBuildFile section */
		CCA3921C1B3DDC7A000B070E /* AppDelegate.swift in Sources */ = {isa = PBXBuildFile; fileRef = CCA3921B1B3DDC7A000B070E /* AppDelegate.swift */; };
		CCA3921E1B3DDC7A000B070E /* ViewController.swift in Sources */ = {isa = PBXBuildFile; fileRef = CCA3921D1B3DDC7A000B070E /* ViewController.swift */; };
		CCA392211B3DDC7A000B070E /* Main.storyboard in Resources */ = {isa = PBXBuildFile; fileRef = CCA3921F1B3DDC7A000B070E /* Main.storyboard */; };
		CCA392231B3DDC7A000B070E /* Images.xcassets in Resources */ = {isa = PBXBuildFile; fileRef = CCA392221B3DDC7A000B070E /* Images.xcassets */; };
		CCA392261B3DDC7A000B070E /* LaunchScreen.xib in Resources */ = {isa = PBXBuildFile; fileRef = CCA392241B3DDC7A000B070E /* LaunchScreen.xib */; };
		CCA392321B3DDC7B000B070E /* GettingToKnowYouTests.swift in Sources */ = {isa = PBXBuildFile; fileRef = CCA392311B3DDC7B000B070E /* GettingToKnowYouTests.swift */; };
/* End PBXBuildFile section */

/* Begin PBXContainerItemProxy section */
		CCA3922C1B3DDC7B000B070E /* PBXContainerItemProxy */ = {
			isa = PBXContainerItemProxy;
			containerPortal = CCA3920E1B3DDC7A000B070E /* Project object */;
			proxyType = 1;
			remoteGlobalIDString = CCA392151B3DDC7A000B070E;
			remoteInfo = GettingToKnowYou;
		};
/* End PBXContainerItemProxy section */

/* Begin PBXFileReference section */
		CCA392161B3DDC7A000B070E /* GettingToKnowYou.app */ = {isa = PBXFileReference; explicitFileType = wrapper.application; includeInIndex = 0; path = GettingToKnowYou.app; sourceTree = BUILT_PRODUCTS_DIR; };
		CCA3921A1B3DDC7A000B070E /* Info.plist */ = {isa = PBXFileReference; lastKnownFileType = text.plist.xml; path = Info.plist; sourceTree = "<group>"; };
		CCA3921B1B3DDC7A000B070E /* AppDelegate.swift */ = {isa = PBXFileReference; lastKnownFileType = sourcecode.swift; path = AppDelegate.swift; sourceTree = "<group>"; };
		CCA3921D1B3DDC7A000B070E /* ViewController.swift */ = {isa = PBXFileReference; lastKnownFileType = sourcecode.swift; path = ViewController.swift; sourceTree = "<group>"; };
		CCA392201B3DDC7A000B070E /* Base */ = {isa = PBXFileReference; lastKnownFileType = file.storyboard; name = Base; path = Base.lproj/Main.storyboard; sourceTree = "<group>"; };
		CCA392221B3DDC7A000B070E /* Images.xcassets */ = {isa = PBXFileReference; lastKnownFileType = folder.assetcatalog; path = Images.xcassets; sourceTree = "<group>"; };
		CCA392251B3DDC7A000B070E /* Base */ = {isa = PBXFileReference; lastKnownFileType = file.xib; name = Base; path = Base.lproj/LaunchScreen.xib; sourceTree = "<group>"; };
		CCA3922B1B3DDC7B000B070E /* GettingToKnowYouTests.xctest */ = {isa = PBXFileReference; explicitFileType = wrapper.cfbundle; includeInIndex = 0; path = GettingToKnowYouTests.xctest; sourceTree = BUILT_PRODUCTS_DIR; };
		CCA392301B3DDC7B000B070E /* Info.plist */ = {isa = PBXFileReference; lastKnownFileType = text.plist.xml; path = Info.plist; sourceTree = "<group>"; };
		CCA392311B3DDC7B000B070E /* GettingToKnowYouTests.swift */ = {isa = PBXFileReference; lastKnownFileType = sourcecode.swift; path = GettingToKnowYouTests.swift; sourceTree = "<group>"; };
/* End PBXFileReference section */

/* Begin PBXFrameworksBuildPhase section */
		CCA392131B3DDC7A000B070E /* Frameworks */ = {
			isa = PBXFrameworksBuildPhase;
			buildActionMask = 2147483647;
			files = (
			);
			runOnlyForDeploymentPostprocessing = 0;
		};
		CCA392281B3DDC7B000B070E /* Frameworks */ = {
			isa = PBXFrameworksBuildPhase;
			buildActionMask = 2147483647;
			files = (
			);
			runOnlyForDeploymentPostprocessing = 0;
		};
/* End PBXFrameworksBuildPhase section */

/* Begin PBXGroup section */
		CCA3920D1B3DDC7A000B070E = {
			isa = PBXGroup;
			children = (
				CCA392181B3DDC7A000B070E /* GettingToKnowYou */,
				CCA3922E1B3DDC7B000B070E /* GettingToKnowYouTests */,
				CCA392171B3DDC7A000B070E /* Products */,
			);
			sourceTree = "<group>";
		};
		CCA392171B3DDC7A000B070E /* Products */ = {
			isa = PBXGroup;
			children = (
				CCA392161B3DDC7A000B070E /* GettingToKnowYou.app */,
				CCA3922B1B3DDC7B000B070E /* GettingToKnowYouTests.xctest */,
			);
			name = Products;
			sourceTree = "<group>";
		};
		CCA392181B3DDC7A000B070E /* GettingToKnowYou */ = {
			isa = PBXGroup;
			children = (
				CCA3921B1B3DDC7A000B070E /* AppDelegate.swift */,
				CCA3921D1B3DDC7A000B070E /* ViewController.swift */,
				CCA3921F1B3DDC7A000B070E /* Main.storyboard */,
				CCA392221B3DDC7A000B070E /* Images.xcassets */,
				CCA392241B3DDC7A000B070E /* LaunchScreen.xib */,
				CCA392191B3DDC7A000B070E /* Supporting Files */,
			);
			path = GettingToKnowYou;
			sourceTree = "<group>";
		};
		CCA392191B3DDC7A000B070E /* Supporting Files */ = {
			isa = PBXGroup;
			children = (
				CCA3921A1B3DDC7A000B070E /* Info.plist */,
			);
			name = "Supporting Files";
			sourceTree = "<group>";
		};
		CCA3922E1B3DDC7B000B070E /* GettingToKnowYouTests */ = {
			isa = PBXGroup;
			children = (
				CCA392311B3DDC7B000B070E /* GettingToKnowYouTests.swift */,
				CCA3922F1B3DDC7B000B070E /* Supporting Files */,
			);
			path = GettingToKnowYouTests;
			sourceTree = "<group>";
		};
		CCA3922F1B3DDC7B000B070E /* Supporting Files */ = {
			isa = PBXGroup;
			children = (
				CCA392301B3DDC7B000B070E /* Info.plist */,
			);
			name = "Supporting Files";
			sourceTree = "<group>";
		};
/* End PBXGroup section */

/* Begin PBXNativeTarget section */
		CCA392151B3DDC7A000B070E /* GettingToKnowYou */ = {
			isa = PBXNativeTarget;
			buildConfigurationList = CCA392351B3DDC7B000B070E /* Build configuration list for PBXNativeTarget "GettingToKnowYou" */;
			buildPhases = (
				CCA392121B3DDC7A000B070E /* Sources */,
				CCA392131B3DDC7A000B070E /* Frameworks */,
				CCA392141B3DDC7A000B070E /* Resources */,
			);
			buildRules = (
			);
			dependencies = (
			);
			name = GettingToKnowYou;
			productName = GettingToKnowYou;
			productReference = CCA392161B3DDC7A000B070E /* GettingToKnowYou.app */;
			productType = "com.apple.product-type.application";
		};
		CCA3922A1B3DDC7B000B070E /* GettingToKnowYouTests */ = {
			isa = PBXNativeTarget;
			buildConfigurationList = CCA392381B3DDC7B000B070E /* Build configuration list for PBXNativeTarget "GettingToKnowYouTests" */;
			buildPhases = (
				CCA392271B3DDC7B000B070E /* Sources */,
				CCA392281B3DDC7B000B070E /* Frameworks */,
				CCA392291B3DDC7B000B070E /* Resources */,
			);
			buildRules = (
			);
			dependencies = (
				CCA3922D1B3DDC7B000B070E /* PBXTargetDependency */,
			);
			name = GettingToKnowYouTests;
			productName = GettingToKnowYouTests;
			productReference = CCA3922B1B3DDC7B000B070E /* GettingToKnowYouTests.xctest */;
			productType = "com.apple.product-type.bundle.unit-test";
		};
/* End PBXNativeTarget section */

/* Begin PBXProject section */
		CCA3920E1B3DDC7A000B070E /* Project object */ = {
			isa = PBXProject;
			attributes = {
				LastUpgradeCheck = 0630;
				ORGANIZATIONNAME = tleskin;
				TargetAttributes = {
					CCA392151B3DDC7A000B070E = {
						CreatedOnToolsVersion = 6.3.2;
					};
					CCA3922A1B3DDC7B000B070E = {
						CreatedOnToolsVersion = 6.3.2;
						TestTargetID = CCA392151B3DDC7A000B070E;
					};
				};
			};
			buildConfigurationList = CCA392111B3DDC7A000B070E /* Build configuration list for PBXProject "GettingToKnowYou" */;
			compatibilityVersion = "Xcode 3.2";
			developmentRegion = English;
			hasScannedForEncodings = 0;
			knownRegions = (
				en,
				Base,
			);
			mainGroup = CCA3920D1B3DDC7A000B070E;
			productRefGroup = CCA392171B3DDC7A000B070E /* Products */;
			projectDirPath = "";
			projectRoot = "";
			targets = (
				CCA392151B3DDC7A000B070E /* GettingToKnowYou */,
				CCA3922A1B3DDC7B000B070E /* GettingToKnowYouTests */,
			);
		};
/* End PBXProject section */

/* Begin PBXResourcesBuildPhase section */
		CCA392141B3DDC7A000B070E /* Resources */ = {
			isa = PBXResourcesBuildPhase;
			buildActionMask = 2147483647;
			files = (
				CCA392211B3DDC7A000B070E /* Main.storyboard in Resources */,
				CCA392261B3DDC7A000B070E /* LaunchScreen.xib in Resources */,
				CCA392231B3DDC7A000B070E /* Images.xcassets in Resources */,
			);
			runOnlyForDeploymentPostprocessing = 0;
		};
		CCA392291B3DDC7B000B070E /* Resources */ = {
			isa = PBXResourcesBuildPhase;
			buildActionMask = 2147483647;
			files = (
			);
			runOnlyForDeploymentPostprocessing = 0;
		};
/* End PBXResourcesBuildPhase section */

/* Begin PBXSourcesBuildPhase section */
		CCA392121B3DDC7A000B070E /* Sources */ = {
			isa = PBXSourcesBuildPhase;
			buildActionMask = 2147483647;
			files = (
				CCA3921E1B3DDC7A000B070E /* ViewController.swift in Sources */,
				CCA3921C1B3DDC7A000B070E /* AppDelegate.swift in Sources */,
			);
			runOnlyForDeploymentPostprocessing = 0;
		};
		CCA392271B3DDC7B000B070E /* Sources */ = {
			isa = PBXSourcesBuildPhase;
			buildActionMask = 2147483647;
			files = (
				CCA392321B3DDC7B000B070E /* GettingToKnowYouTests.swift in Sources */,
			);
			runOnlyForDeploymentPostprocessing = 0;
		};
/* End PBXSourcesBuildPhase section */

/* Begin PBXTargetDependency section */
		CCA3922D1B3DDC7B000B070E /* PBXTargetDependency */ = {
			isa = PBXTargetDependency;
			target = CCA392151B3DDC7A000B070E /* GettingToKnowYou */;
			targetProxy = CCA3922C1B3DDC7B000B070E /* PBXContainerItemProxy */;
		};
/* End PBXTargetDependency section */

/* Begin PBXVariantGroup section */
		CCA3921F1B3DDC7A000B070E /* Main.storyboard */ = {
			isa = PBXVariantGroup;
			children = (
				CCA392201B3DDC7A000B070E /* Base */,
			);
			name = Main.storyboard;
			sourceTree = "<group>";
		};
		CCA392241B3DDC7A000B070E /* LaunchScreen.xib */ = {
			isa = PBXVariantGroup;
			children = (
				CCA392251B3DDC7A000B070E /* Base */,
			);
			name = LaunchScreen.xib;
			sourceTree = "<group>";
		};
/* End PBXVariantGroup section */

/* Begin XCBuildConfiguration section */
		CCA392331B3DDC7B000B070E /* Debug */ = {
			isa = XCBuildConfiguration;
			buildSettings = {
				ALWAYS_SEARCH_USER_PATHS = NO;
				CLANG_CXX_LANGUAGE_STANDARD = "gnu++0x";
				CLANG_CXX_LIBRARY = "libc++";
				CLANG_ENABLE_MODULES = YES;
				CLANG_ENABLE_OBJC_ARC = YES;
				CLANG_WARN_BOOL_CONVERSION = YES;
				CLANG_WARN_CONSTANT_CONVERSION = YES;
				CLANG_WARN_DIRECT_OBJC_ISA_USAGE = YES_ERROR;
				CLANG_WARN_EMPTY_BODY = YES;
				CLANG_WARN_ENUM_CONVERSION = YES;
				CLANG_WARN_INT_CONVERSION = YES;
				CLANG_WARN_OBJC_ROOT_CLASS = YES_ERROR;
				CLANG_WARN_UNREACHABLE_CODE = YES;
				CLANG_WARN__DUPLICATE_METHOD_MATCH = YES;
				"CODE_SIGN_IDENTITY[sdk=iphoneos*]" = "iPhone Developer";
				COPY_PHASE_STRIP = NO;
				DEBUG_INFORMATION_FORMAT = "dwarf-with-dsym";
				ENABLE_STRICT_OBJC_MSGSEND = YES;
				GCC_C_LANGUAGE_STANDARD = gnu99;
				GCC_DYNAMIC_NO_PIC = NO;
				GCC_NO_COMMON_BLOCKS = YES;
				GCC_OPTIMIZATION_LEVEL = 0;
				GCC_PREPROCESSOR_DEFINITIONS = (
					"DEBUG=1",
					"$(inherited)",
				);
				GCC_SYMBOLS_PRIVATE_EXTERN = NO;
				GCC_WARN_64_TO_32_BIT_CONVERSION = YES;
				GCC_WARN_ABOUT_RETURN_TYPE = YES_ERROR;
				GCC_WARN_UNDECLARED_SELECTOR = YES;
				GCC_WARN_UNINITIALIZED_AUTOS = YES_AGGRESSIVE;
				GCC_WARN_UNUSED_FUNCTION = YES;
				GCC_WARN_UNUSED_VARIABLE = YES;
				IPHONEOS_DEPLOYMENT_TARGET = 8.3;
				MTL_ENABLE_DEBUG_INFO = YES;
				ONLY_ACTIVE_ARCH = YES;
				SDKROOT = iphoneos;
				SWIFT_OPTIMIZATION_LEVEL = "-Onone";
				TARGETED_DEVICE_FAMILY = "1,2";
			};
			name = Debug;
		};
		CCA392341B3DDC7B000B070E /* Release */ = {
			isa = XCBuildConfiguration;
			buildSettings = {
				ALWAYS_SEARCH_USER_PATHS = NO;
				CLANG_CXX_LANGUAGE_STANDARD = "gnu++0x";
				CLANG_CXX_LIBRARY = "libc++";
				CLANG_ENABLE_MODULES = YES;
				CLANG_ENABLE_OBJC_ARC = YES;
				CLANG_WARN_BOOL_CONVERSION = YES;
				CLANG_WARN_CONSTANT_CONVERSION = YES;
				CLANG_WARN_DIRECT_OBJC_ISA_USAGE = YES_ERROR;
				CLANG_WARN_EMPTY_BODY = YES;
				CLANG_WARN_ENUM_CONVERSION = YES;
				CLANG_WARN_INT_CONVERSION = YES;
				CLANG_WARN_OBJC_ROOT_CLASS = YES_ERROR;
				CLANG_WARN_UNREACHABLE_CODE = YES;
				CLANG_WARN__DUPLICATE_METHOD_MATCH = YES;
				"CODE_SIGN_IDENTITY[sdk=iphoneos*]" = "iPhone Developer";
				COPY_PHASE_STRIP = NO;
				DEBUG_INFORMATION_FORMAT = "dwarf-with-dsym";
				ENABLE_NS_ASSERTIONS = NO;
				ENABLE_STRICT_OBJC_MSGSEND = YES;
				GCC_C_LANGUAGE_STANDARD = gnu99;
				GCC_NO_COMMON_BLOCKS = YES;
				GCC_WARN_64_TO_32_BIT_CONVERSION = YES;
				GCC_WARN_ABOUT_RETURN_TYPE = YES_ERROR;
				GCC_WARN_UNDECLARED_SELECTOR = YES;
				GCC_WARN_UNINITIALIZED_AUTOS = YES_AGGRESSIVE;
				GCC_WARN_UNUSED_FUNCTION = YES;
				GCC_WARN_UNUSED_VARIABLE = YES;
				IPHONEOS_DEPLOYMENT_TARGET = 8.3;
				MTL_ENABLE_DEBUG_INFO = NO;
				SDKROOT = iphoneos;
				TARGETED_DEVICE_FAMILY = "1,2";
				VALIDATE_PRODUCT = YES;
			};
			name = Release;
		};
		CCA392361B3DDC7B000B070E /* Debug */ = {
			isa = XCBuildConfiguration;
			buildSettings = {
				ASSETCATALOG_COMPILER_APPICON_NAME = AppIcon;
				INFOPLIST_FILE = GettingToKnowYou/Info.plist;
				LD_RUNPATH_SEARCH_PATHS = "$(inherited) @executable_path/Frameworks";
				PRODUCT_NAME = "$(TARGET_NAME)";
			};
			name = Debug;
		};
		CCA392371B3DDC7B000B070E /* Release */ = {
			isa = XCBuildConfiguration;
			buildSettings = {
				ASSETCATALOG_COMPILER_APPICON_NAME = AppIcon;
				INFOPLIST_FILE = GettingToKnowYou/Info.plist;
				LD_RUNPATH_SEARCH_PATHS = "$(inherited) @executable_path/Frameworks";
				PRODUCT_NAME = "$(TARGET_NAME)";
			};
			name = Release;
		};
		CCA392391B3DDC7B000B070E /* Debug */ = {
			isa = XCBuildConfiguration;
			buildSettings = {
				BUNDLE_LOADER = "$(TEST_HOST)";
				FRAMEWORK_SEARCH_PATHS = (
					"$(SDKROOT)/Developer/Library/Frameworks",
					"$(inherited)",
				);
				GCC_PREPROCESSOR_DEFINITIONS = (
					"DEBUG=1",
					"$(inherited)",
				);
				INFOPLIST_FILE = GettingToKnowYouTests/Info.plist;
				LD_RUNPATH_SEARCH_PATHS = "$(inherited) @executable_path/Frameworks @loader_path/Frameworks";
				PRODUCT_NAME = "$(TARGET_NAME)";
				TEST_HOST = "$(BUILT_PRODUCTS_DIR)/GettingToKnowYou.app/GettingToKnowYou";
			};
			name = Debug;
		};
		CCA3923A1B3DDC7B000B070E /* Release */ = {
			isa = XCBuildConfiguration;
			buildSettings = {
				BUNDLE_LOADER = "$(TEST_HOST)";
				FRAMEWORK_SEARCH_PATHS = (
					"$(SDKROOT)/Developer/Library/Frameworks",
					"$(inherited)",
				);
				INFOPLIST_FILE = GettingToKnowYouTests/Info.plist;
				LD_RUNPATH_SEARCH_PATHS = "$(inherited) @executable_path/Frameworks @loader_path/Frameworks";
				PRODUCT_NAME = "$(TARGET_NAME)";
				TEST_HOST = "$(BUILT_PRODUCTS_DIR)/GettingToKnowYou.app/GettingToKnowYou";
			};
			name = Release;
		};
/* End XCBuildConfiguration section */

/* Begin XCConfigurationList section */
		CCA392111B3DDC7A000B070E /* Build configuration list for PBXProject "GettingToKnowYou" */ = {
			isa = XCConfigurationList;
			buildConfigurations = (
				CCA392331B3DDC7B000B070E /* Debug */,
				CCA392341B3DDC7B000B070E /* Release */,
			);
			defaultConfigurationIsVisible = 0;
			defaultConfigurationName = Release;
		};
		CCA392351B3DDC7B000B070E /* Build configuration list for PBXNativeTarget "GettingToKnowYou" */ = {
			isa = XCConfigurationList;
			buildConfigurations = (
				CCA392361B3DDC7B000B070E /* Debug */,
				CCA392371B3DDC7B000B070E /* Release */,
			);
			defaultConfigurationIsVisible = 0;
		};
		CCA392381B3DDC7B000B070E /* Build configuration list for PBXNativeTarget "GettingToKnowYouTests" */ = {
			isa = XCConfigurationList;
			buildConfigurations = (
				CCA392391B3DDC7B000B070E /* Debug */,
				CCA3923A1B3DDC7B000B070E /* Release */,
			);
			defaultConfigurationIsVisible = 0;
		};
/* End XCConfigurationList section */
	};
	rootObject = CCA3920E1B3DDC7A000B070E /* Project object */;
}
